
Microsoft Visual Studio Solution File, Format Version 11.00
# Visual Studio 2010
Project("{FAE04EC0-301F-11D3-BF4B-00C04F79EFBC}") = "Torshify", "src\Torshify\Torshify.csproj", "{FD9C7812-7F81-4E27-95B7-C36F2140EF57}"
EndProject
Project("{FAE04EC0-301F-11D3-BF4B-00C04F79EFBC}") = "Torshify.Server", "..\..\Torshify\src\Torshify.Server\Torshify.Server.csproj", "{8F027711-A701-4084-892C-2E42E4253AF8}"
EndProject
Project("{FAE04EC0-301F-11D3-BF4B-00C04F79EFBC}") = "Torshify.Server.Contracts", "..\..\Torshify\src\Torshify.Server.Contracts\Torshify.Server.Contracts.csproj", "{CC5E372F-CCCD-42DC-BCE4-045698EFFA46}"
EndProject
Global
	GlobalSection(SolutionConfigurationPlatforms) = preSolution
		Debug|Any CPU = Debug|Any CPU
		Debug|Mixed Platforms = Debug|Mixed Platforms
		Debug|x86 = Debug|x86
		DebugVerbose|Any CPU = DebugVerbose|Any CPU
		DebugVerbose|Mixed Platforms = DebugVerbose|Mixed Platforms
		DebugVerbose|x86 = DebugVerbose|x86
		Release|Any CPU = Release|Any CPU
		Release|Mixed Platforms = Release|Mixed Platforms
		Release|x86 = Release|x86
	EndGlobalSection
	GlobalSection(ProjectConfigurationPlatforms) = postSolution
		{FD9C7812-7F81-4E27-95B7-C36F2140EF57}.Debug|Any CPU.ActiveCfg = Debug|x86
		{FD9C7812-7F81-4E27-95B7-C36F2140EF57}.Debug|Mixed Platforms.ActiveCfg = Debug|x86
		{FD9C7812-7F81-4E27-95B7-C36F2140EF57}.Debug|Mixed Platforms.Build.0 = Debug|x86
		{FD9C7812-7F81-4E27-95B7-C36F2140EF57}.Debug|x86.ActiveCfg = Debug|x86
		{FD9C7812-7F81-4E27-95B7-C36F2140EF57}.Debug|x86.Build.0 = Debug|x86
		{FD9C7812-7F81-4E27-95B7-C36F2140EF57}.DebugVerbose|Any CPU.ActiveCfg = DebugVerbose|x86
		{FD9C7812-7F81-4E27-95B7-C36F2140EF57}.DebugVerbose|Mixed Platforms.ActiveCfg = DebugVerbose|x86
		{FD9C7812-7F81-4E27-95B7-C36F2140EF57}.DebugVerbose|Mixed Platforms.Build.0 = DebugVerbose|x86
		{FD9C7812-7F81-4E27-95B7-C36F2140EF57}.DebugVerbose|x86.ActiveCfg = DebugVerbose|x86
		{FD9C7812-7F81-4E27-95B7-C36F2140EF57}.DebugVerbose|x86.Build.0 = DebugVerbose|x86
		{FD9C7812-7F81-4E27-95B7-C36F2140EF57}.Release|Any CPU.ActiveCfg = Release|x86
		{FD9C7812-7F81-4E27-95B7-C36F2140EF57}.Release|Mixed Platforms.ActiveCfg = Release|x86
		{FD9C7812-7F81-4E27-95B7-C36F2140EF57}.Release|Mixed Platforms.Build.0 = Release|x86
		{FD9C7812-7F81-4E27-95B7-C36F2140EF57}.Release|x86.ActiveCfg = Release|x86
		{FD9C7812-7F81-4E27-95B7-C36F2140EF57}.Release|x86.Build.0 = Release|x86
		{8F027711-A701-4084-892C-2E42E4253AF8}.Debug|Any CPU.ActiveCfg = Debug|x86
		{8F027711-A701-4084-892C-2E42E4253AF8}.Debug|Mixed Platforms.ActiveCfg = Debug|x86
		{8F027711-A701-4084-892C-2E42E4253AF8}.Debug|Mixed Platforms.Build.0 = Debug|x86
		{8F027711-A701-4084-892C-2E42E4253AF8}.Debug|x86.ActiveCfg = Debug|x86
		{8F027711-A701-4084-892C-2E42E4253AF8}.Debug|x86.Build.0 = Debug|x86
		{8F027711-A701-4084-892C-2E42E4253AF8}.DebugVerbose|Any CPU.ActiveCfg = Debug|x86
		{8F027711-A701-4084-892C-2E42E4253AF8}.DebugVerbose|Mixed Platforms.ActiveCfg = Debug|x86
		{8F027711-A701-4084-892C-2E42E4253AF8}.DebugVerbose|Mixed Platforms.Build.0 = Debug|x86
		{8F027711-A701-4084-892C-2E42E4253AF8}.DebugVerbose|x86.ActiveCfg = Debug|x86
		{8F027711-A701-4084-892C-2E42E4253AF8}.DebugVerbose|x86.Build.0 = Debug|x86
		{8F027711-A701-4084-892C-2E42E4253AF8}.Release|Any CPU.ActiveCfg = Release|x86
		{8F027711-A701-4084-892C-2E42E4253AF8}.Release|Mixed Platforms.ActiveCfg = Release|x86
		{8F027711-A701-4084-892C-2E42E4253AF8}.Release|Mixed Platforms.Build.0 = Release|x86
		{8F027711-A701-4084-892C-2E42E4253AF8}.Release|x86.ActiveCfg = Release|x86
		{8F027711-A701-4084-892C-2E42E4253AF8}.Release|x86.Build.0 = Release|x86
		{CC5E372F-CCCD-42DC-BCE4-045698EFFA46}.Debug|Any CPU.ActiveCfg = Debug|Any CPU
		{CC5E372F-CCCD-42DC-BCE4-045698EFFA46}.Debug|Any CPU.Build.0 = Debug|Any CPU
		{CC5E372F-CCCD-42DC-BCE4-045698EFFA46}.Debug|Mixed Platforms.ActiveCfg = Debug|Any CPU
		{CC5E372F-CCCD-42DC-BCE4-045698EFFA46}.Debug|Mixed Platforms.Build.0 = Debug|Any CPU
		{CC5E372F-CCCD-42DC-BCE4-045698EFFA46}.Debug|x86.ActiveCfg = Debug|Any CPU
		{CC5E372F-CCCD-42DC-BCE4-045698EFFA46}.DebugVerbose|Any CPU.ActiveCfg = Debug|Any CPU
		{CC5E372F-CCCD-42DC-BCE4-045698EFFA46}.DebugVerbose|Any CPU.Build.0 = Debug|Any CPU
		{CC5E372F-CCCD-42DC-BCE4-045698EFFA46}.DebugVerbose|Mixed Platforms.ActiveCfg = Debug|Any CPU
		{CC5E372F-CCCD-42DC-BCE4-045698EFFA46}.DebugVerbose|Mixed Platforms.Build.0 = Debug|Any CPU
		{CC5E372F-CCCD-42DC-BCE4-045698EFFA46}.DebugVerbose|x86.ActiveCfg = Debug|Any CPU
		{CC5E372F-CCCD-42DC-BCE4-045698EFFA46}.Release|Any CPU.ActiveCfg = Release|Any CPU
		{CC5E372F-CCCD-42DC-BCE4-045698EFFA46}.Release|Any CPU.Build.0 = Release|Any CPU
		{CC5E372F-CCCD-42DC-BCE4-045698EFFA46}.Release|Mixed Platforms.ActiveCfg = Release|Any CPU
		{CC5E372F-CCCD-42DC-BCE4-045698EFFA46}.Release|Mixed Platforms.Build.0 = Release|Any CPU
		{CC5E372F-CCCD-42DC-BCE4-045698EFFA46}.Release|x86.ActiveCfg = Release|Any CPU
	EndGlobalSection
	GlobalSection(SolutionProperties) = preSolution
		HideSolutionNode = FALSE
	EndGlobalSection
EndGlobal
