
Microsoft Visual Studio Solution File, Format Version 11.00
# Visual Studio 2010
Project("{FAE04EC0-301F-11D3-BF4B-00C04F79EFBC}") = "Torshify", "src\Torshify\Torshify.csproj", "{FD9C7812-7F81-4E27-95B7-C36F2140EF57}"
EndProject
Global
	GlobalSection(SolutionConfigurationPlatforms) = preSolution
		Debug|x86 = Debug|x86
		DebugVerbose|x86 = DebugVerbose|x86
		Release|x86 = Release|x86
	EndGlobalSection
	GlobalSection(ProjectConfigurationPlatforms) = postSolution
		{FD9C7812-7F81-4E27-95B7-C36F2140EF57}.Debug|x86.ActiveCfg = Debug|x86
		{FD9C7812-7F81-4E27-95B7-C36F2140EF57}.Debug|x86.Build.0 = Debug|x86
		{FD9C7812-7F81-4E27-95B7-C36F2140EF57}.DebugVerbose|x86.ActiveCfg = DebugVerbose|x86
		{FD9C7812-7F81-4E27-95B7-C36F2140EF57}.DebugVerbose|x86.Build.0 = DebugVerbose|x86
		{FD9C7812-7F81-4E27-95B7-C36F2140EF57}.Release|x86.ActiveCfg = Release|x86
		{FD9C7812-7F81-4E27-95B7-C36F2140EF57}.Release|x86.Build.0 = Release|x86
	EndGlobalSection
	GlobalSection(SolutionProperties) = preSolution
		HideSolutionNode = FALSE
	EndGlobalSection
EndGlobal
